// !$*UTF8*$!
{
	archiveVersion = 1;
	classes = {
	};
	objectVersion = 56;
	objects = {

/* Begin PBXBuildFile section */
		22E66EE12950CB86006094AF /* AppDelegate.swift in Sources */ = {isa = PBXBuildFile; fileRef = 22E66EE02950CB86006094AF /* AppDelegate.swift */; };
		22E66EE32950CB86006094AF /* SceneDelegate.swift in Sources */ = {isa = PBXBuildFile; fileRef = 22E66EE22950CB86006094AF /* SceneDelegate.swift */; };
		22E66EE82950CB86006094AF /* Main.storyboard in Resources */ = {isa = PBXBuildFile; fileRef = 22E66EE62950CB86006094AF /* Main.storyboard */; };
		22E66EEA2950CB87006094AF /* Assets.xcassets in Resources */ = {isa = PBXBuildFile; fileRef = 22E66EE92950CB87006094AF /* Assets.xcassets */; };
		22E66EED2950CB87006094AF /* LaunchScreen.storyboard in Resources */ = {isa = PBXBuildFile; fileRef = 22E66EEB2950CB87006094AF /* LaunchScreen.storyboard */; };
		22E66EF82950CB88006094AF /* My_Mechanic_AppTests.swift in Sources */ = {isa = PBXBuildFile; fileRef = 22E66EF72950CB88006094AF /* My_Mechanic_AppTests.swift */; };
		22E66F022950CB88006094AF /* My_Mechanic_AppUITests.swift in Sources */ = {isa = PBXBuildFile; fileRef = 22E66F012950CB88006094AF /* My_Mechanic_AppUITests.swift */; };
		22E66F042950CB88006094AF /* My_Mechanic_AppUITestsLaunchTests.swift in Sources */ = {isa = PBXBuildFile; fileRef = 22E66F032950CB88006094AF /* My_Mechanic_AppUITestsLaunchTests.swift */; };
		8B988A97296AEEDA002691B7 /* ServicesTableViewCell.swift in Sources */ = {isa = PBXBuildFile; fileRef = 8B988A95296AEEDA002691B7 /* ServicesTableViewCell.swift */; };
		8B988A98296AEEDA002691B7 /* ServicesTableViewCell.xib in Resources */ = {isa = PBXBuildFile; fileRef = 8B988A96296AEEDA002691B7 /* ServicesTableViewCell.xib */; };
		8E7665E12966770C001846A8 /* Settings Screen.storyboard in Resources */ = {isa = PBXBuildFile; fileRef = 8E7665E02966770C001846A8 /* Settings Screen.storyboard */; };
		8E7665E329667717001846A8 /* About Screen.storyboard in Resources */ = {isa = PBXBuildFile; fileRef = 8E7665E229667717001846A8 /* About Screen.storyboard */; };
		8E7665E829674F28001846A8 /* Car.swift in Sources */ = {isa = PBXBuildFile; fileRef = 8E7665E729674F28001846A8 /* Car.swift */; };
		8E7665EA29675FDC001846A8 /* Service.swift in Sources */ = {isa = PBXBuildFile; fileRef = 8E7665E929675FDC001846A8 /* Service.swift */; };
		8E7665EC29676227001846A8 /* CarsData.swift in Sources */ = {isa = PBXBuildFile; fileRef = 8E7665EB29676227001846A8 /* CarsData.swift */; };
		8E7665F0296772ED001846A8 /* MyCarsMainScreenViewController.swift in Sources */ = {isa = PBXBuildFile; fileRef = 8E7665EF296772ED001846A8 /* MyCarsMainScreenViewController.swift */; };
		8EB6F5862967863E00B3269F /* MyCarTableViewCell.swift in Sources */ = {isa = PBXBuildFile; fileRef = 8EB6F5842967863E00B3269F /* MyCarTableViewCell.swift */; };
		8EB6F5872967863F00B3269F /* MyCarTableViewCell.xib in Resources */ = {isa = PBXBuildFile; fileRef = 8EB6F5852967863E00B3269F /* MyCarTableViewCell.xib */; };
		8ECFD254296669C8004BADB1 /* MyCars Screen.storyboard in Resources */ = {isa = PBXBuildFile; fileRef = 8ECFD253296669C8004BADB1 /* MyCars Screen.storyboard */; };
/* End PBXBuildFile section */

/* Begin PBXContainerItemProxy section */
		22E66EF42950CB88006094AF /* PBXContainerItemProxy */ = {
			isa = PBXContainerItemProxy;
			containerPortal = 22E66ED52950CB86006094AF /* Project object */;
			proxyType = 1;
			remoteGlobalIDString = 22E66EDC2950CB86006094AF;
			remoteInfo = "My Mechanic App";
		};
		22E66EFE2950CB88006094AF /* PBXContainerItemProxy */ = {
			isa = PBXContainerItemProxy;
			containerPortal = 22E66ED52950CB86006094AF /* Project object */;
			proxyType = 1;
			remoteGlobalIDString = 22E66EDC2950CB86006094AF;
			remoteInfo = "My Mechanic App";
		};
/* End PBXContainerItemProxy section */

/* Begin PBXFileReference section */
		22E66EDD2950CB86006094AF /* My Mechanic App.app */ = {isa = PBXFileReference; explicitFileType = wrapper.application; includeInIndex = 0; path = "My Mechanic App.app"; sourceTree = BUILT_PRODUCTS_DIR; };
		22E66EE02950CB86006094AF /* AppDelegate.swift */ = {isa = PBXFileReference; lastKnownFileType = sourcecode.swift; path = AppDelegate.swift; sourceTree = "<group>"; };
		22E66EE22950CB86006094AF /* SceneDelegate.swift */ = {isa = PBXFileReference; lastKnownFileType = sourcecode.swift; path = SceneDelegate.swift; sourceTree = "<group>"; };
		22E66EE72950CB86006094AF /* Base */ = {isa = PBXFileReference; lastKnownFileType = file.storyboard; name = Base; path = Base.lproj/Main.storyboard; sourceTree = "<group>"; };
		22E66EE92950CB87006094AF /* Assets.xcassets */ = {isa = PBXFileReference; lastKnownFileType = folder.assetcatalog; path = Assets.xcassets; sourceTree = "<group>"; };
		22E66EEC2950CB87006094AF /* Base */ = {isa = PBXFileReference; lastKnownFileType = file.storyboard; name = Base; path = Base.lproj/LaunchScreen.storyboard; sourceTree = "<group>"; };
		22E66EEE2950CB87006094AF /* Info.plist */ = {isa = PBXFileReference; lastKnownFileType = text.plist.xml; path = Info.plist; sourceTree = "<group>"; };
		22E66EF32950CB88006094AF /* My Mechanic AppTests.xctest */ = {isa = PBXFileReference; explicitFileType = wrapper.cfbundle; includeInIndex = 0; path = "My Mechanic AppTests.xctest"; sourceTree = BUILT_PRODUCTS_DIR; };
		22E66EF72950CB88006094AF /* My_Mechanic_AppTests.swift */ = {isa = PBXFileReference; lastKnownFileType = sourcecode.swift; path = My_Mechanic_AppTests.swift; sourceTree = "<group>"; };
		22E66EFD2950CB88006094AF /* My Mechanic AppUITests.xctest */ = {isa = PBXFileReference; explicitFileType = wrapper.cfbundle; includeInIndex = 0; path = "My Mechanic AppUITests.xctest"; sourceTree = BUILT_PRODUCTS_DIR; };
		22E66F012950CB88006094AF /* My_Mechanic_AppUITests.swift */ = {isa = PBXFileReference; lastKnownFileType = sourcecode.swift; path = My_Mechanic_AppUITests.swift; sourceTree = "<group>"; };
		22E66F032950CB88006094AF /* My_Mechanic_AppUITestsLaunchTests.swift */ = {isa = PBXFileReference; lastKnownFileType = sourcecode.swift; path = My_Mechanic_AppUITestsLaunchTests.swift; sourceTree = "<group>"; };
		8B988A95296AEEDA002691B7 /* ServicesTableViewCell.swift */ = {isa = PBXFileReference; lastKnownFileType = sourcecode.swift; path = ServicesTableViewCell.swift; sourceTree = "<group>"; };
		8B988A96296AEEDA002691B7 /* ServicesTableViewCell.xib */ = {isa = PBXFileReference; lastKnownFileType = file.xib; path = ServicesTableViewCell.xib; sourceTree = "<group>"; };
		8E7665E02966770C001846A8 /* Settings Screen.storyboard */ = {isa = PBXFileReference; lastKnownFileType = file.storyboard; path = "Settings Screen.storyboard"; sourceTree = "<group>"; };
		8E7665E229667717001846A8 /* About Screen.storyboard */ = {isa = PBXFileReference; lastKnownFileType = file.storyboard; path = "About Screen.storyboard"; sourceTree = "<group>"; };
		8E7665E729674F28001846A8 /* Car.swift */ = {isa = PBXFileReference; lastKnownFileType = sourcecode.swift; path = Car.swift; sourceTree = "<group>"; };
		8E7665E929675FDC001846A8 /* Service.swift */ = {isa = PBXFileReference; lastKnownFileType = sourcecode.swift; path = Service.swift; sourceTree = "<group>"; };
		8E7665EB29676227001846A8 /* CarsData.swift */ = {isa = PBXFileReference; lastKnownFileType = sourcecode.swift; path = CarsData.swift; sourceTree = "<group>"; };
		8E7665EF296772ED001846A8 /* MyCarsMainScreenViewController.swift */ = {isa = PBXFileReference; lastKnownFileType = sourcecode.swift; path = MyCarsMainScreenViewController.swift; sourceTree = "<group>"; };
		8EB6F5842967863E00B3269F /* MyCarTableViewCell.swift */ = {isa = PBXFileReference; lastKnownFileType = sourcecode.swift; path = MyCarTableViewCell.swift; sourceTree = "<group>"; };
		8EB6F5852967863E00B3269F /* MyCarTableViewCell.xib */ = {isa = PBXFileReference; lastKnownFileType = file.xib; path = MyCarTableViewCell.xib; sourceTree = "<group>"; };
		8ECFD253296669C8004BADB1 /* MyCars Screen.storyboard */ = {isa = PBXFileReference; lastKnownFileType = file.storyboard; path = "MyCars Screen.storyboard"; sourceTree = "<group>"; };
/* End PBXFileReference section */

/* Begin PBXFrameworksBuildPhase section */
		22E66EDA2950CB86006094AF /* Frameworks */ = {
			isa = PBXFrameworksBuildPhase;
			buildActionMask = 2147483647;
			files = (
			);
			runOnlyForDeploymentPostprocessing = 0;
		};
		22E66EF02950CB88006094AF /* Frameworks */ = {
			isa = PBXFrameworksBuildPhase;
			buildActionMask = 2147483647;
			files = (
			);
			runOnlyForDeploymentPostprocessing = 0;
		};
		22E66EFA2950CB88006094AF /* Frameworks */ = {
			isa = PBXFrameworksBuildPhase;
			buildActionMask = 2147483647;
			files = (
			);
			runOnlyForDeploymentPostprocessing = 0;
		};
/* End PBXFrameworksBuildPhase section */

/* Begin PBXGroup section */
		22E66ED42950CB86006094AF = {
			isa = PBXGroup;
			children = (
				22E66EDF2950CB86006094AF /* My Mechanic App */,
				22E66EF62950CB88006094AF /* My Mechanic AppTests */,
				22E66F002950CB88006094AF /* My Mechanic AppUITests */,
				22E66EDE2950CB86006094AF /* Products */,
			);
			sourceTree = "<group>";
		};
		22E66EDE2950CB86006094AF /* Products */ = {
			isa = PBXGroup;
			children = (
				22E66EDD2950CB86006094AF /* My Mechanic App.app */,
				22E66EF32950CB88006094AF /* My Mechanic AppTests.xctest */,
				22E66EFD2950CB88006094AF /* My Mechanic AppUITests.xctest */,
			);
			name = Products;
			sourceTree = "<group>";
		};
		22E66EDF2950CB86006094AF /* My Mechanic App */ = {
			isa = PBXGroup;
			children = (
				8ECFD252296667DC004BADB1 /* Globals */,
				8ECFD24E296666B5004BADB1 /* Screen Views (Storyboards) */,
				8ECFD25029666753004BADB1 /* Controllers */,
				8ECFD251296667A9004BADB1 /* Models */,
				8EB6F583296785C100B3269F /* Table View Cells */,
				22E66EE02950CB86006094AF /* AppDelegate.swift */,
				22E66EE22950CB86006094AF /* SceneDelegate.swift */,
				22E66EE92950CB87006094AF /* Assets.xcassets */,
				22E66EEE2950CB87006094AF /* Info.plist */,
			);
			path = "My Mechanic App";
			sourceTree = "<group>";
		};
		22E66EF62950CB88006094AF /* My Mechanic AppTests */ = {
			isa = PBXGroup;
			children = (
				22E66EF72950CB88006094AF /* My_Mechanic_AppTests.swift */,
			);
			path = "My Mechanic AppTests";
			sourceTree = "<group>";
		};
		22E66F002950CB88006094AF /* My Mechanic AppUITests */ = {
			isa = PBXGroup;
			children = (
				22E66F012950CB88006094AF /* My_Mechanic_AppUITests.swift */,
				22E66F032950CB88006094AF /* My_Mechanic_AppUITestsLaunchTests.swift */,
			);
			path = "My Mechanic AppUITests";
			sourceTree = "<group>";
		};
		8E7665E42966811E001846A8 /* MyCars Screen Controllers */ = {
			isa = PBXGroup;
			children = (
				8E7665EF296772ED001846A8 /* MyCarsMainScreenViewController.swift */,
			);
			path = "MyCars Screen Controllers";
			sourceTree = "<group>";
		};
		8E7665E529668135001846A8 /* Settings Screen Controllers */ = {
			isa = PBXGroup;
			children = (
			);
			path = "Settings Screen Controllers";
			sourceTree = "<group>";
		};
		8E7665E629668146001846A8 /* About Screen Controllers */ = {
			isa = PBXGroup;
			children = (
			);
			path = "About Screen Controllers";
			sourceTree = "<group>";
		};
		8EB6F583296785C100B3269F /* Table View Cells */ = {
			isa = PBXGroup;
			children = (
				8EB6F5842967863E00B3269F /* MyCarTableViewCell.swift */,
				8EB6F5852967863E00B3269F /* MyCarTableViewCell.xib */,
				8B988A95296AEEDA002691B7 /* ServicesTableViewCell.swift */,
				8B988A96296AEEDA002691B7 /* ServicesTableViewCell.xib */,
			);
			path = "Table View Cells";
			sourceTree = "<group>";
		};
		8ECFD24E296666B5004BADB1 /* Screen Views (Storyboards) */ = {
			isa = PBXGroup;
			children = (
				22E66EE62950CB86006094AF /* Main.storyboard */,
				22E66EEB2950CB87006094AF /* LaunchScreen.storyboard */,
				8ECFD253296669C8004BADB1 /* MyCars Screen.storyboard */,
				8E7665E02966770C001846A8 /* Settings Screen.storyboard */,
				8E7665E229667717001846A8 /* About Screen.storyboard */,
			);
			path = "Screen Views (Storyboards)";
			sourceTree = "<group>";
		};
		8ECFD25029666753004BADB1 /* Controllers */ = {
			isa = PBXGroup;
			children = (
				8E7665E42966811E001846A8 /* MyCars Screen Controllers */,
				8E7665E529668135001846A8 /* Settings Screen Controllers */,
				8E7665E629668146001846A8 /* About Screen Controllers */,
			);
			path = Controllers;
			sourceTree = "<group>";
		};
		8ECFD251296667A9004BADB1 /* Models */ = {
			isa = PBXGroup;
			children = (
				8E7665E729674F28001846A8 /* Car.swift */,
				8E7665E929675FDC001846A8 /* Service.swift */,
			);
			path = Models;
			sourceTree = "<group>";
		};
		8ECFD252296667DC004BADB1 /* Globals */ = {
			isa = PBXGroup;
			children = (
				8E7665EB29676227001846A8 /* CarsData.swift */,
			);
			path = Globals;
			sourceTree = "<group>";
		};
/* End PBXGroup section */

/* Begin PBXNativeTarget section */
		22E66EDC2950CB86006094AF /* My Mechanic App */ = {
			isa = PBXNativeTarget;
			buildConfigurationList = 22E66F072950CB88006094AF /* Build configuration list for PBXNativeTarget "My Mechanic App" */;
			buildPhases = (
				22E66ED92950CB86006094AF /* Sources */,
				22E66EDA2950CB86006094AF /* Frameworks */,
				22E66EDB2950CB86006094AF /* Resources */,
			);
			buildRules = (
			);
			dependencies = (
			);
			name = "My Mechanic App";
			productName = "My Mechanic App";
			productReference = 22E66EDD2950CB86006094AF /* My Mechanic App.app */;
			productType = "com.apple.product-type.application";
		};
		22E66EF22950CB88006094AF /* My Mechanic AppTests */ = {
			isa = PBXNativeTarget;
			buildConfigurationList = 22E66F0A2950CB88006094AF /* Build configuration list for PBXNativeTarget "My Mechanic AppTests" */;
			buildPhases = (
				22E66EEF2950CB88006094AF /* Sources */,
				22E66EF02950CB88006094AF /* Frameworks */,
				22E66EF12950CB88006094AF /* Resources */,
			);
			buildRules = (
			);
			dependencies = (
				22E66EF52950CB88006094AF /* PBXTargetDependency */,
			);
			name = "My Mechanic AppTests";
			productName = "My Mechanic AppTests";
			productReference = 22E66EF32950CB88006094AF /* My Mechanic AppTests.xctest */;
			productType = "com.apple.product-type.bundle.unit-test";
		};
		22E66EFC2950CB88006094AF /* My Mechanic AppUITests */ = {
			isa = PBXNativeTarget;
			buildConfigurationList = 22E66F0D2950CB88006094AF /* Build configuration list for PBXNativeTarget "My Mechanic AppUITests" */;
			buildPhases = (
				22E66EF92950CB88006094AF /* Sources */,
				22E66EFA2950CB88006094AF /* Frameworks */,
				22E66EFB2950CB88006094AF /* Resources */,
			);
			buildRules = (
			);
			dependencies = (
				22E66EFF2950CB88006094AF /* PBXTargetDependency */,
			);
			name = "My Mechanic AppUITests";
			productName = "My Mechanic AppUITests";
			productReference = 22E66EFD2950CB88006094AF /* My Mechanic AppUITests.xctest */;
			productType = "com.apple.product-type.bundle.ui-testing";
		};
/* End PBXNativeTarget section */

/* Begin PBXProject section */
		22E66ED52950CB86006094AF /* Project object */ = {
			isa = PBXProject;
			attributes = {
				BuildIndependentTargetsInParallel = 1;
				LastSwiftUpdateCheck = 1400;
				LastUpgradeCheck = 1400;
				TargetAttributes = {
					22E66EDC2950CB86006094AF = {
						CreatedOnToolsVersion = 14.0.1;
					};
					22E66EF22950CB88006094AF = {
						CreatedOnToolsVersion = 14.0.1;
						TestTargetID = 22E66EDC2950CB86006094AF;
					};
					22E66EFC2950CB88006094AF = {
						CreatedOnToolsVersion = 14.0.1;
						TestTargetID = 22E66EDC2950CB86006094AF;
					};
				};
			};
			buildConfigurationList = 22E66ED82950CB86006094AF /* Build configuration list for PBXProject "My Mechanic App" */;
			compatibilityVersion = "Xcode 14.0";
			developmentRegion = en;
			hasScannedForEncodings = 0;
			knownRegions = (
				en,
				Base,
			);
			mainGroup = 22E66ED42950CB86006094AF;
			productRefGroup = 22E66EDE2950CB86006094AF /* Products */;
			projectDirPath = "";
			projectRoot = "";
			targets = (
				22E66EDC2950CB86006094AF /* My Mechanic App */,
				22E66EF22950CB88006094AF /* My Mechanic AppTests */,
				22E66EFC2950CB88006094AF /* My Mechanic AppUITests */,
			);
		};
/* End PBXProject section */

/* Begin PBXResourcesBuildPhase section */
		22E66EDB2950CB86006094AF /* Resources */ = {
			isa = PBXResourcesBuildPhase;
			buildActionMask = 2147483647;
			files = (
				22E66EED2950CB87006094AF /* LaunchScreen.storyboard in Resources */,
				8B988A98296AEEDA002691B7 /* ServicesTableViewCell.xib in Resources */,
				8ECFD254296669C8004BADB1 /* MyCars Screen.storyboard in Resources */,
				8EB6F5872967863F00B3269F /* MyCarTableViewCell.xib in Resources */,
				22E66EEA2950CB87006094AF /* Assets.xcassets in Resources */,
				8E7665E329667717001846A8 /* About Screen.storyboard in Resources */,
				22E66EE82950CB86006094AF /* Main.storyboard in Resources */,
				8E7665E12966770C001846A8 /* Settings Screen.storyboard in Resources */,
			);
			runOnlyForDeploymentPostprocessing = 0;
		};
		22E66EF12950CB88006094AF /* Resources */ = {
			isa = PBXResourcesBuildPhase;
			buildActionMask = 2147483647;
			files = (
			);
			runOnlyForDeploymentPostprocessing = 0;
		};
		22E66EFB2950CB88006094AF /* Resources */ = {
			isa = PBXResourcesBuildPhase;
			buildActionMask = 2147483647;
			files = (
			);
			runOnlyForDeploymentPostprocessing = 0;
		};
/* End PBXResourcesBuildPhase section */

/* Begin PBXSourcesBuildPhase section */
		22E66ED92950CB86006094AF /* Sources */ = {
			isa = PBXSourcesBuildPhase;
			buildActionMask = 2147483647;
			files = (
				22E66EE12950CB86006094AF /* AppDelegate.swift in Sources */,
				8E7665F0296772ED001846A8 /* MyCarsMainScreenViewController.swift in Sources */,
				8EB6F5862967863E00B3269F /* MyCarTableViewCell.swift in Sources */,
				8E7665EA29675FDC001846A8 /* Service.swift in Sources */,
				8E7665E829674F28001846A8 /* Car.swift in Sources */,
				8B988A97296AEEDA002691B7 /* ServicesTableViewCell.swift in Sources */,
				8E7665EC29676227001846A8 /* CarsData.swift in Sources */,
				22E66EE32950CB86006094AF /* SceneDelegate.swift in Sources */,
			);
			runOnlyForDeploymentPostprocessing = 0;
		};
		22E66EEF2950CB88006094AF /* Sources */ = {
			isa = PBXSourcesBuildPhase;
			buildActionMask = 2147483647;
			files = (
				22E66EF82950CB88006094AF /* My_Mechanic_AppTests.swift in Sources */,
			);
			runOnlyForDeploymentPostprocessing = 0;
		};
		22E66EF92950CB88006094AF /* Sources */ = {
			isa = PBXSourcesBuildPhase;
			buildActionMask = 2147483647;
			files = (
				22E66F042950CB88006094AF /* My_Mechanic_AppUITestsLaunchTests.swift in Sources */,
				22E66F022950CB88006094AF /* My_Mechanic_AppUITests.swift in Sources */,
			);
			runOnlyForDeploymentPostprocessing = 0;
		};
/* End PBXSourcesBuildPhase section */

/* Begin PBXTargetDependency section */
		22E66EF52950CB88006094AF /* PBXTargetDependency */ = {
			isa = PBXTargetDependency;
			target = 22E66EDC2950CB86006094AF /* My Mechanic App */;
			targetProxy = 22E66EF42950CB88006094AF /* PBXContainerItemProxy */;
		};
		22E66EFF2950CB88006094AF /* PBXTargetDependency */ = {
			isa = PBXTargetDependency;
			target = 22E66EDC2950CB86006094AF /* My Mechanic App */;
			targetProxy = 22E66EFE2950CB88006094AF /* PBXContainerItemProxy */;
		};
/* End PBXTargetDependency section */

/* Begin PBXVariantGroup section */
		22E66EE62950CB86006094AF /* Main.storyboard */ = {
			isa = PBXVariantGroup;
			children = (
				22E66EE72950CB86006094AF /* Base */,
			);
			name = Main.storyboard;
			sourceTree = "<group>";
		};
		22E66EEB2950CB87006094AF /* LaunchScreen.storyboard */ = {
			isa = PBXVariantGroup;
			children = (
				22E66EEC2950CB87006094AF /* Base */,
			);
			name = LaunchScreen.storyboard;
			sourceTree = "<group>";
		};
/* End PBXVariantGroup section */

/* Begin XCBuildConfiguration section */
		22E66F052950CB88006094AF /* Debug */ = {
			isa = XCBuildConfiguration;
			buildSettings = {
				ALWAYS_SEARCH_USER_PATHS = NO;
				CLANG_ANALYZER_NONNULL = YES;
				CLANG_ANALYZER_NUMBER_OBJECT_CONVERSION = YES_AGGRESSIVE;
				CLANG_CXX_LANGUAGE_STANDARD = "gnu++20";
				CLANG_ENABLE_MODULES = YES;
				CLANG_ENABLE_OBJC_ARC = YES;
				CLANG_ENABLE_OBJC_WEAK = YES;
				CLANG_WARN_BLOCK_CAPTURE_AUTORELEASING = YES;
				CLANG_WARN_BOOL_CONVERSION = YES;
				CLANG_WARN_COMMA = YES;
				CLANG_WARN_CONSTANT_CONVERSION = YES;
				CLANG_WARN_DEPRECATED_OBJC_IMPLEMENTATIONS = YES;
				CLANG_WARN_DIRECT_OBJC_ISA_USAGE = YES_ERROR;
				CLANG_WARN_DOCUMENTATION_COMMENTS = YES;
				CLANG_WARN_EMPTY_BODY = YES;
				CLANG_WARN_ENUM_CONVERSION = YES;
				CLANG_WARN_INFINITE_RECURSION = YES;
				CLANG_WARN_INT_CONVERSION = YES;
				CLANG_WARN_NON_LITERAL_NULL_CONVERSION = YES;
				CLANG_WARN_OBJC_IMPLICIT_RETAIN_SELF = YES;
				CLANG_WARN_OBJC_LITERAL_CONVERSION = YES;
				CLANG_WARN_OBJC_ROOT_CLASS = YES_ERROR;
				CLANG_WARN_QUOTED_INCLUDE_IN_FRAMEWORK_HEADER = YES;
				CLANG_WARN_RANGE_LOOP_ANALYSIS = YES;
				CLANG_WARN_STRICT_PROTOTYPES = YES;
				CLANG_WARN_SUSPICIOUS_MOVE = YES;
				CLANG_WARN_UNGUARDED_AVAILABILITY = YES_AGGRESSIVE;
				CLANG_WARN_UNREACHABLE_CODE = YES;
				CLANG_WARN__DUPLICATE_METHOD_MATCH = YES;
				COPY_PHASE_STRIP = NO;
				DEBUG_INFORMATION_FORMAT = dwarf;
				ENABLE_STRICT_OBJC_MSGSEND = YES;
				ENABLE_TESTABILITY = YES;
				GCC_C_LANGUAGE_STANDARD = gnu11;
				GCC_DYNAMIC_NO_PIC = NO;
				GCC_NO_COMMON_BLOCKS = YES;
				GCC_OPTIMIZATION_LEVEL = 0;
				GCC_PREPROCESSOR_DEFINITIONS = (
					"DEBUG=1",
					"$(inherited)",
				);
				GCC_WARN_64_TO_32_BIT_CONVERSION = YES;
				GCC_WARN_ABOUT_RETURN_TYPE = YES_ERROR;
				GCC_WARN_UNDECLARED_SELECTOR = YES;
				GCC_WARN_UNINITIALIZED_AUTOS = YES_AGGRESSIVE;
				GCC_WARN_UNUSED_FUNCTION = YES;
				GCC_WARN_UNUSED_VARIABLE = YES;
				IPHONEOS_DEPLOYMENT_TARGET = 16.0;
				MTL_ENABLE_DEBUG_INFO = INCLUDE_SOURCE;
				MTL_FAST_MATH = YES;
				ONLY_ACTIVE_ARCH = YES;
				SDKROOT = iphoneos;
				SWIFT_ACTIVE_COMPILATION_CONDITIONS = DEBUG;
				SWIFT_OPTIMIZATION_LEVEL = "-Onone";
			};
			name = Debug;
		};
		22E66F062950CB88006094AF /* Release */ = {
			isa = XCBuildConfiguration;
			buildSettings = {
				ALWAYS_SEARCH_USER_PATHS = NO;
				CLANG_ANALYZER_NONNULL = YES;
				CLANG_ANALYZER_NUMBER_OBJECT_CONVERSION = YES_AGGRESSIVE;
				CLANG_CXX_LANGUAGE_STANDARD = "gnu++20";
				CLANG_ENABLE_MODULES = YES;
				CLANG_ENABLE_OBJC_ARC = YES;
				CLANG_ENABLE_OBJC_WEAK = YES;
				CLANG_WARN_BLOCK_CAPTURE_AUTORELEASING = YES;
				CLANG_WARN_BOOL_CONVERSION = YES;
				CLANG_WARN_COMMA = YES;
				CLANG_WARN_CONSTANT_CONVERSION = YES;
				CLANG_WARN_DEPRECATED_OBJC_IMPLEMENTATIONS = YES;
				CLANG_WARN_DIRECT_OBJC_ISA_USAGE = YES_ERROR;
				CLANG_WARN_DOCUMENTATION_COMMENTS = YES;
				CLANG_WARN_EMPTY_BODY = YES;
				CLANG_WARN_ENUM_CONVERSION = YES;
				CLANG_WARN_INFINITE_RECURSION = YES;
				CLANG_WARN_INT_CONVERSION = YES;
				CLANG_WARN_NON_LITERAL_NULL_CONVERSION = YES;
				CLANG_WARN_OBJC_IMPLICIT_RETAIN_SELF = YES;
				CLANG_WARN_OBJC_LITERAL_CONVERSION = YES;
				CLANG_WARN_OBJC_ROOT_CLASS = YES_ERROR;
				CLANG_WARN_QUOTED_INCLUDE_IN_FRAMEWORK_HEADER = YES;
				CLANG_WARN_RANGE_LOOP_ANALYSIS = YES;
				CLANG_WARN_STRICT_PROTOTYPES = YES;
				CLANG_WARN_SUSPICIOUS_MOVE = YES;
				CLANG_WARN_UNGUARDED_AVAILABILITY = YES_AGGRESSIVE;
				CLANG_WARN_UNREACHABLE_CODE = YES;
				CLANG_WARN__DUPLICATE_METHOD_MATCH = YES;
				COPY_PHASE_STRIP = NO;
				DEBUG_INFORMATION_FORMAT = "dwarf-with-dsym";
				ENABLE_NS_ASSERTIONS = NO;
				ENABLE_STRICT_OBJC_MSGSEND = YES;
				GCC_C_LANGUAGE_STANDARD = gnu11;
				GCC_NO_COMMON_BLOCKS = YES;
				GCC_WARN_64_TO_32_BIT_CONVERSION = YES;
				GCC_WARN_ABOUT_RETURN_TYPE = YES_ERROR;
				GCC_WARN_UNDECLARED_SELECTOR = YES;
				GCC_WARN_UNINITIALIZED_AUTOS = YES_AGGRESSIVE;
				GCC_WARN_UNUSED_FUNCTION = YES;
				GCC_WARN_UNUSED_VARIABLE = YES;
				IPHONEOS_DEPLOYMENT_TARGET = 16.0;
				MTL_ENABLE_DEBUG_INFO = NO;
				MTL_FAST_MATH = YES;
				SDKROOT = iphoneos;
				SWIFT_COMPILATION_MODE = wholemodule;
				SWIFT_OPTIMIZATION_LEVEL = "-O";
				VALIDATE_PRODUCT = YES;
			};
			name = Release;
		};
		22E66F082950CB88006094AF /* Debug */ = {
			isa = XCBuildConfiguration;
			buildSettings = {
				ASSETCATALOG_COMPILER_APPICON_NAME = AppIcon;
				ASSETCATALOG_COMPILER_GLOBAL_ACCENT_COLOR_NAME = AccentColor;
				CODE_SIGN_STYLE = Automatic;
				CURRENT_PROJECT_VERSION = 1;
				GENERATE_INFOPLIST_FILE = YES;
				INFOPLIST_FILE = "My Mechanic App/Info.plist";
				INFOPLIST_KEY_UIApplicationSupportsIndirectInputEvents = YES;
				INFOPLIST_KEY_UILaunchStoryboardName = LaunchScreen;
				INFOPLIST_KEY_UIMainStoryboardFile = Main;
				INFOPLIST_KEY_UISupportedInterfaceOrientations_iPad = "UIInterfaceOrientationPortrait UIInterfaceOrientationPortraitUpsideDown UIInterfaceOrientationLandscapeLeft UIInterfaceOrientationLandscapeRight";
				INFOPLIST_KEY_UISupportedInterfaceOrientations_iPhone = "UIInterfaceOrientationPortrait UIInterfaceOrientationLandscapeLeft UIInterfaceOrientationLandscapeRight";
				LD_RUNPATH_SEARCH_PATHS = (
					"$(inherited)",
					"@executable_path/Frameworks",
				);
				MARKETING_VERSION = 1.0;
				PRODUCT_BUNDLE_IDENTIFIER = "polytechnic.bh.My-Mechanic-App";
				PRODUCT_NAME = "$(TARGET_NAME)";
				SWIFT_EMIT_LOC_STRINGS = YES;
				SWIFT_VERSION = 5.0;
				TARGETED_DEVICE_FAMILY = "1,2";
			};
			name = Debug;
		};
		22E66F092950CB88006094AF /* Release */ = {
			isa = XCBuildConfiguration;
			buildSettings = {
				ASSETCATALOG_COMPILER_APPICON_NAME = AppIcon;
				ASSETCATALOG_COMPILER_GLOBAL_ACCENT_COLOR_NAME = AccentColor;
				CODE_SIGN_STYLE = Automatic;
				CURRENT_PROJECT_VERSION = 1;
				GENERATE_INFOPLIST_FILE = YES;
				INFOPLIST_FILE = "My Mechanic App/Info.plist";
				INFOPLIST_KEY_UIApplicationSupportsIndirectInputEvents = YES;
				INFOPLIST_KEY_UILaunchStoryboardName = LaunchScreen;
				INFOPLIST_KEY_UIMainStoryboardFile = Main;
				INFOPLIST_KEY_UISupportedInterfaceOrientations_iPad = "UIInterfaceOrientationPortrait UIInterfaceOrientationPortraitUpsideDown UIInterfaceOrientationLandscapeLeft UIInterfaceOrientationLandscapeRight";
				INFOPLIST_KEY_UISupportedInterfaceOrientations_iPhone = "UIInterfaceOrientationPortrait UIInterfaceOrientationLandscapeLeft UIInterfaceOrientationLandscapeRight";
				LD_RUNPATH_SEARCH_PATHS = (
					"$(inherited)",
					"@executable_path/Frameworks",
				);
				MARKETING_VERSION = 1.0;
				PRODUCT_BUNDLE_IDENTIFIER = "polytechnic.bh.My-Mechanic-App";
				PRODUCT_NAME = "$(TARGET_NAME)";
				SWIFT_EMIT_LOC_STRINGS = YES;
				SWIFT_VERSION = 5.0;
				TARGETED_DEVICE_FAMILY = "1,2";
			};
			name = Release;
		};
		22E66F0B2950CB88006094AF /* Debug */ = {
			isa = XCBuildConfiguration;
			buildSettings = {
				ALWAYS_EMBED_SWIFT_STANDARD_LIBRARIES = YES;
				BUNDLE_LOADER = "$(TEST_HOST)";
				CODE_SIGN_STYLE = Automatic;
				CURRENT_PROJECT_VERSION = 1;
				GENERATE_INFOPLIST_FILE = YES;
				IPHONEOS_DEPLOYMENT_TARGET = 16.0;
				MARKETING_VERSION = 1.0;
				PRODUCT_BUNDLE_IDENTIFIER = "polytechnic.bh.My-Mechanic-AppTests";
				PRODUCT_NAME = "$(TARGET_NAME)";
				SWIFT_EMIT_LOC_STRINGS = NO;
				SWIFT_VERSION = 5.0;
				TARGETED_DEVICE_FAMILY = "1,2";
				TEST_HOST = "$(BUILT_PRODUCTS_DIR)/My Mechanic App.app/$(BUNDLE_EXECUTABLE_FOLDER_PATH)/My Mechanic App";
			};
			name = Debug;
		};
		22E66F0C2950CB88006094AF /* Release */ = {
			isa = XCBuildConfiguration;
			buildSettings = {
				ALWAYS_EMBED_SWIFT_STANDARD_LIBRARIES = YES;
				BUNDLE_LOADER = "$(TEST_HOST)";
				CODE_SIGN_STYLE = Automatic;
				CURRENT_PROJECT_VERSION = 1;
				GENERATE_INFOPLIST_FILE = YES;
				IPHONEOS_DEPLOYMENT_TARGET = 16.0;
				MARKETING_VERSION = 1.0;
				PRODUCT_BUNDLE_IDENTIFIER = "polytechnic.bh.My-Mechanic-AppTests";
				PRODUCT_NAME = "$(TARGET_NAME)";
				SWIFT_EMIT_LOC_STRINGS = NO;
				SWIFT_VERSION = 5.0;
				TARGETED_DEVICE_FAMILY = "1,2";
				TEST_HOST = "$(BUILT_PRODUCTS_DIR)/My Mechanic App.app/$(BUNDLE_EXECUTABLE_FOLDER_PATH)/My Mechanic App";
			};
			name = Release;
		};
		22E66F0E2950CB88006094AF /* Debug */ = {
			isa = XCBuildConfiguration;
			buildSettings = {
				ALWAYS_EMBED_SWIFT_STANDARD_LIBRARIES = YES;
				CODE_SIGN_STYLE = Automatic;
				CURRENT_PROJECT_VERSION = 1;
				GENERATE_INFOPLIST_FILE = YES;
				MARKETING_VERSION = 1.0;
				PRODUCT_BUNDLE_IDENTIFIER = "polytechnic.bh.My-Mechanic-AppUITests";
				PRODUCT_NAME = "$(TARGET_NAME)";
				SWIFT_EMIT_LOC_STRINGS = NO;
				SWIFT_VERSION = 5.0;
				TARGETED_DEVICE_FAMILY = "1,2";
				TEST_TARGET_NAME = "My Mechanic App";
			};
			name = Debug;
		};
		22E66F0F2950CB88006094AF /* Release */ = {
			isa = XCBuildConfiguration;
			buildSettings = {
				ALWAYS_EMBED_SWIFT_STANDARD_LIBRARIES = YES;
				CODE_SIGN_STYLE = Automatic;
				CURRENT_PROJECT_VERSION = 1;
				GENERATE_INFOPLIST_FILE = YES;
				MARKETING_VERSION = 1.0;
				PRODUCT_BUNDLE_IDENTIFIER = "polytechnic.bh.My-Mechanic-AppUITests";
				PRODUCT_NAME = "$(TARGET_NAME)";
				SWIFT_EMIT_LOC_STRINGS = NO;
				SWIFT_VERSION = 5.0;
				TARGETED_DEVICE_FAMILY = "1,2";
				TEST_TARGET_NAME = "My Mechanic App";
			};
			name = Release;
		};
/* End XCBuildConfiguration section */

/* Begin XCConfigurationList section */
		22E66ED82950CB86006094AF /* Build configuration list for PBXProject "My Mechanic App" */ = {
			isa = XCConfigurationList;
			buildConfigurations = (
				22E66F052950CB88006094AF /* Debug */,
				22E66F062950CB88006094AF /* Release */,
			);
			defaultConfigurationIsVisible = 0;
			defaultConfigurationName = Release;
		};
		22E66F072950CB88006094AF /* Build configuration list for PBXNativeTarget "My Mechanic App" */ = {
			isa = XCConfigurationList;
			buildConfigurations = (
				22E66F082950CB88006094AF /* Debug */,
				22E66F092950CB88006094AF /* Release */,
			);
			defaultConfigurationIsVisible = 0;
			defaultConfigurationName = Release;
		};
		22E66F0A2950CB88006094AF /* Build configuration list for PBXNativeTarget "My Mechanic AppTests" */ = {
			isa = XCConfigurationList;
			buildConfigurations = (
				22E66F0B2950CB88006094AF /* Debug */,
				22E66F0C2950CB88006094AF /* Release */,
			);
			defaultConfigurationIsVisible = 0;
			defaultConfigurationName = Release;
		};
		22E66F0D2950CB88006094AF /* Build configuration list for PBXNativeTarget "My Mechanic AppUITests" */ = {
			isa = XCConfigurationList;
			buildConfigurations = (
				22E66F0E2950CB88006094AF /* Debug */,
				22E66F0F2950CB88006094AF /* Release */,
			);
			defaultConfigurationIsVisible = 0;
			defaultConfigurationName = Release;
		};
/* End XCConfigurationList section */
	};
	rootObject = 22E66ED52950CB86006094AF /* Project object */;
}
